
Microsoft Visual Studio Solution File, Format Version 12.00
# Visual Studio Version 17
VisualStudioVersion = 17.9.34607.119
MinimumVisualStudioVersion = 10.0.40219.1
Project("{FAE04EC0-301F-11D3-BF4B-00C04F79EFBC}") = "APIFun", "APIFun.csproj", "{BED1651C-9D30-46D4-A65D-9CEA76B2ABF6}"
EndProject
Global
	GlobalSection(SolutionConfigurationPlatforms) = preSolution
		Debug|Any CPU = Debug|Any CPU
		Release|Any CPU = Release|Any CPU
	EndGlobalSection
	GlobalSection(ProjectConfigurationPlatforms) = postSolution
		{BED1651C-9D30-46D4-A65D-9CEA76B2ABF6}.Debug|Any CPU.ActiveCfg = Debug|Any CPU
		{BED1651C-9D30-46D4-A65D-9CEA76B2ABF6}.Debug|Any CPU.Build.0 = Debug|Any CPU
		{BED1651C-9D30-46D4-A65D-9CEA76B2ABF6}.Release|Any CPU.ActiveCfg = Release|Any CPU
		{BED1651C-9D30-46D4-A65D-9CEA76B2ABF6}.Release|Any CPU.Build.0 = Release|Any CPU
	EndGlobalSection
	GlobalSection(SolutionProperties) = preSolution
		HideSolutionNode = FALSE
	EndGlobalSection
	GlobalSection(ExtensibilityGlobals) = postSolution
		SolutionGuid = {4F50D5C6-6047-406E-B74C-046478CDD320}
	EndGlobalSection
EndGlobal
